
Microsoft Visual Studio Solution File, Format Version 12.00
# Visual Studio Version 16
VisualStudioVersion = 16.0.29709.97
MinimumVisualStudioVersion = 10.0.40219.1
Project("{8BC9CEB8-8B4A-11D0-8D11-00A0C91BC942}") = "Project2_CS244_Fall2021Part1", "Project2_CS244_Fall2021Part1\Project2_CS244_Fall2021Part1.vcxproj", "{DEA00D7F-B925-4B85-8F97-79FA94E87370}"
EndProject
Global
	GlobalSection(SolutionConfigurationPlatforms) = preSolution
		Debug|x64 = Debug|x64
		Debug|x86 = Debug|x86
		Release|x64 = Release|x64
		Release|x86 = Release|x86
	EndGlobalSection
	GlobalSection(ProjectConfigurationPlatforms) = postSolution
		{DEA00D7F-B925-4B85-8F97-79FA94E87370}.Debug|x64.ActiveCfg = Debug|x64
		{DEA00D7F-B925-4B85-8F97-79FA94E87370}.Debug|x64.Build.0 = Debug|x64
		{DEA00D7F-B925-4B85-8F97-79FA94E87370}.Debug|x86.ActiveCfg = Debug|Win32
		{DEA00D7F-B925-4B85-8F97-79FA94E87370}.Debug|x86.Build.0 = Debug|Win32
		{DEA00D7F-B925-4B85-8F97-79FA94E87370}.Release|x64.ActiveCfg = Release|x64
		{DEA00D7F-B925-4B85-8F97-79FA94E87370}.Release|x64.Build.0 = Release|x64
		{DEA00D7F-B925-4B85-8F97-79FA94E87370}.Release|x86.ActiveCfg = Release|Win32
		{DEA00D7F-B925-4B85-8F97-79FA94E87370}.Release|x86.Build.0 = Release|Win32
	EndGlobalSection
	GlobalSection(SolutionProperties) = preSolution
		HideSolutionNode = FALSE
	EndGlobalSection
	GlobalSection(ExtensibilityGlobals) = postSolution
		SolutionGuid = {299A3263-B8A1-4D44-BE1F-1F1504DE4C45}
	EndGlobalSection
EndGlobal
